{
  "name": "typescript",
  "version": "0.0.0",
  "lockfileVersion": 3,
  "requires": true,
  "packages": {
    "": {
      "name": "typescript",
      "version": "0.0.0",
      "dependencies": {
        "@aspectjs/common": "file:../../aspectjs2/packages/common/aspectjs-common-0.3.8.tgz",
        "@aspectjs/core": "file:../../aspectjs2/packages/core/aspectjs-core-0.3.8.tgz",
        "toastify-js": "^1.12.0"
      }
    },
    "node_modules/@aspectjs/common": {
      "version": "0.3.8",
      "resolved": "file:../../aspectjs2/packages/common/aspectjs-common-0.3.8.tgz",
      "integrity": "sha512-6CCpWqf8L71BQmSPxsfR4d1K/lFlaxfNqaUKkQwoTruZiwrDW6QSYIL+S/9+4cBUwiG5wYJ0b4rm5GhJOt84fw==",
      "license": "MIT"
    },
    "node_modules/@aspectjs/core": {
      "version": "0.3.8",
      "resolved": "file:../../aspectjs2/packages/core/aspectjs-core-0.3.8.tgz",
      "integrity": "sha512-dxq81hm/bx0eRswYdwKc+3lpB64MD7seHxOtKpczh6jz+fyyvk1U4+3O/VX5uPVtWPKT1C6g/ACMgHYq0CjTQQ==",
      "license": "MIT",
      "peerDependencies": {
        "@aspectjs/common": "^0.3.2"
      }
    },
    "node_modules/toastify-js": {
      "version": "1.12.0",
      "resolved": "https://registry.npmjs.org/toastify-js/-/toastify-js-1.12.0.tgz",
      "integrity": "sha512-HeMHCO9yLPvP9k0apGSdPUWrUbLnxUKNFzgUoZp1PHCLploIX/4DSQ7V8H25ef+h4iO9n0he7ImfcndnN6nDrQ=="
    }
  }
}
